
Microsoft Visual Studio Solution File, Format Version 12.00
# Visual Studio Version 17
VisualStudioVersion = 17.6.33815.320
MinimumVisualStudioVersion = 10.0.40219.1
Project("{FAE04EC0-301F-11D3-BF4B-00C04F79EFBC}") = "GecComputerSystem", "GecComputerSystem\GecComputerSystem.csproj", "{D789A5AE-37B9-4D3E-AE50-04208F2CD85E}"
EndProject
Global
	GlobalSection(SolutionConfigurationPlatforms) = preSolution
		Debug|Any CPU = Debug|Any CPU
		Release|Any CPU = Release|Any CPU
	EndGlobalSection
	GlobalSection(ProjectConfigurationPlatforms) = postSolution
		{D789A5AE-37B9-4D3E-AE50-04208F2CD85E}.Debug|Any CPU.ActiveCfg = Debug|Any CPU
		{D789A5AE-37B9-4D3E-AE50-04208F2CD85E}.Debug|Any CPU.Build.0 = Debug|Any CPU
		{D789A5AE-37B9-4D3E-AE50-04208F2CD85E}.Release|Any CPU.ActiveCfg = Release|Any CPU
		{D789A5AE-37B9-4D3E-AE50-04208F2CD85E}.Release|Any CPU.Build.0 = Release|Any CPU
	EndGlobalSection
	GlobalSection(SolutionProperties) = preSolution
		HideSolutionNode = FALSE
	EndGlobalSection
	GlobalSection(ExtensibilityGlobals) = postSolution
		SolutionGuid = {E73F94CC-E479-44AC-887B-09EE6CFF4004}
	EndGlobalSection
EndGlobal
